
Microsoft Visual Studio Solution File, Format Version 12.00
# Visual Studio Version 16
VisualStudioVersion = 16.0.30717.126
MinimumVisualStudioVersion = 10.0.40219.1
Project("{FAE04EC0-301F-11D3-BF4B-00C04F79EFBC}") = "Mlstudy03", "Mlstudy03\Mlstudy03.csproj", "{178CA11E-4323-4D33-95F8-11A87FF35B45}"
EndProject
Project("{9A19103F-16F7-4668-BE54-9A1E7A4F7556}") = "Mlstudy03ML.Model", "Mlstudy03ML.Model\Mlstudy03ML.Model.csproj", "{8A819C6D-00BE-4B53-817C-60941553198D}"
EndProject
Project("{9A19103F-16F7-4668-BE54-9A1E7A4F7556}") = "Mlstudy03ML.ConsoleApp", "Mlstudy03ML.ConsoleApp\Mlstudy03ML.ConsoleApp.csproj", "{42880F2B-78ED-45EC-ABAB-CD0557BA3755}"
EndProject
Global
	GlobalSection(SolutionConfigurationPlatforms) = preSolution
		Debug|Any CPU = Debug|Any CPU
		Release|Any CPU = Release|Any CPU
	EndGlobalSection
	GlobalSection(ProjectConfigurationPlatforms) = postSolution
		{178CA11E-4323-4D33-95F8-11A87FF35B45}.Debug|Any CPU.ActiveCfg = Debug|Any CPU
		{178CA11E-4323-4D33-95F8-11A87FF35B45}.Debug|Any CPU.Build.0 = Debug|Any CPU
		{178CA11E-4323-4D33-95F8-11A87FF35B45}.Release|Any CPU.ActiveCfg = Release|Any CPU
		{178CA11E-4323-4D33-95F8-11A87FF35B45}.Release|Any CPU.Build.0 = Release|Any CPU
		{8A819C6D-00BE-4B53-817C-60941553198D}.Debug|Any CPU.ActiveCfg = Debug|Any CPU
		{8A819C6D-00BE-4B53-817C-60941553198D}.Debug|Any CPU.Build.0 = Debug|Any CPU
		{8A819C6D-00BE-4B53-817C-60941553198D}.Release|Any CPU.ActiveCfg = Release|Any CPU
		{8A819C6D-00BE-4B53-817C-60941553198D}.Release|Any CPU.Build.0 = Release|Any CPU
		{42880F2B-78ED-45EC-ABAB-CD0557BA3755}.Debug|Any CPU.ActiveCfg = Debug|Any CPU
		{42880F2B-78ED-45EC-ABAB-CD0557BA3755}.Debug|Any CPU.Build.0 = Debug|Any CPU
		{42880F2B-78ED-45EC-ABAB-CD0557BA3755}.Release|Any CPU.ActiveCfg = Release|Any CPU
		{42880F2B-78ED-45EC-ABAB-CD0557BA3755}.Release|Any CPU.Build.0 = Release|Any CPU
	EndGlobalSection
	GlobalSection(SolutionProperties) = preSolution
		HideSolutionNode = FALSE
	EndGlobalSection
	GlobalSection(ExtensibilityGlobals) = postSolution
		SolutionGuid = {5158C6BA-C25C-4BE8-9C11-329BE1ABAB85}
	EndGlobalSection
EndGlobal
